
Microsoft Visual Studio Solution File, Format Version 12.00
# Visual Studio Version 16
VisualStudioVersion = 16.0.32413.511
MinimumVisualStudioVersion = 10.0.40219.1
Project("{9A19103F-16F7-4668-BE54-9A1E7A4F7556}") = "area", "area\area.csproj", "{AF857EBA-6400-4C31-A993-88E00F971196}"
EndProject
Project("{9A19103F-16F7-4668-BE54-9A1E7A4F7556}") = "area_Lib", "area_Lib\area_Lib.csproj", "{B304E1CE-F7C4-4F36-95C4-C51A4E841540}"
EndProject
Project("{FAE04EC0-301F-11D3-BF4B-00C04F79EFBC}") = "Figure_Lib1", "Figure_Lib1\Figure_Lib1.csproj", "{F46057A2-6350-48E2-97F1-DFAC079791C9}"
EndProject
Project("{FAE04EC0-301F-11D3-BF4B-00C04F79EFBC}") = "Figure_Lib2", "Figure_Lib2\Figure_Lib2.csproj", "{FCBB1DE8-4C96-44EE-88EE-3B1C9F0CB62D}"
EndProject
Global
	GlobalSection(SolutionConfigurationPlatforms) = preSolution
		Debug|Any CPU = Debug|Any CPU
		Release|Any CPU = Release|Any CPU
	EndGlobalSection
	GlobalSection(ProjectConfigurationPlatforms) = postSolution
		{AF857EBA-6400-4C31-A993-88E00F971196}.Debug|Any CPU.ActiveCfg = Debug|Any CPU
		{AF857EBA-6400-4C31-A993-88E00F971196}.Debug|Any CPU.Build.0 = Debug|Any CPU
		{AF857EBA-6400-4C31-A993-88E00F971196}.Release|Any CPU.ActiveCfg = Release|Any CPU
		{AF857EBA-6400-4C31-A993-88E00F971196}.Release|Any CPU.Build.0 = Release|Any CPU
		{B304E1CE-F7C4-4F36-95C4-C51A4E841540}.Debug|Any CPU.ActiveCfg = Debug|Any CPU
		{B304E1CE-F7C4-4F36-95C4-C51A4E841540}.Debug|Any CPU.Build.0 = Debug|Any CPU
		{B304E1CE-F7C4-4F36-95C4-C51A4E841540}.Release|Any CPU.ActiveCfg = Release|Any CPU
		{B304E1CE-F7C4-4F36-95C4-C51A4E841540}.Release|Any CPU.Build.0 = Release|Any CPU
		{F46057A2-6350-48E2-97F1-DFAC079791C9}.Debug|Any CPU.ActiveCfg = Debug|Any CPU
		{F46057A2-6350-48E2-97F1-DFAC079791C9}.Debug|Any CPU.Build.0 = Debug|Any CPU
		{F46057A2-6350-48E2-97F1-DFAC079791C9}.Release|Any CPU.ActiveCfg = Release|Any CPU
		{F46057A2-6350-48E2-97F1-DFAC079791C9}.Release|Any CPU.Build.0 = Release|Any CPU
		{FCBB1DE8-4C96-44EE-88EE-3B1C9F0CB62D}.Debug|Any CPU.ActiveCfg = Debug|Any CPU
		{FCBB1DE8-4C96-44EE-88EE-3B1C9F0CB62D}.Debug|Any CPU.Build.0 = Debug|Any CPU
		{FCBB1DE8-4C96-44EE-88EE-3B1C9F0CB62D}.Release|Any CPU.ActiveCfg = Release|Any CPU
		{FCBB1DE8-4C96-44EE-88EE-3B1C9F0CB62D}.Release|Any CPU.Build.0 = Release|Any CPU
	EndGlobalSection
	GlobalSection(SolutionProperties) = preSolution
		HideSolutionNode = FALSE
	EndGlobalSection
	GlobalSection(ExtensibilityGlobals) = postSolution
		SolutionGuid = {543EB13F-00B5-427F-9382-3E8E7EAEF369}
	EndGlobalSection
EndGlobal
